// !$*UTF8*$!
{
	archiveVersion = 1;
	classes = {
	};
	objectVersion = 50;
	objects = {

/* Begin PBXBuildFile section */
		BAE902D921742145000B0B5D /* AppDelegate.m in Sources */ = {isa = PBXBuildFile; fileRef = BAE902D821742145000B0B5D /* AppDelegate.m */; };
		BAE902DC21742145000B0B5D /* ViewController.m in Sources */ = {isa = PBXBuildFile; fileRef = BAE902DB21742145000B0B5D /* ViewController.m */; };
		BAE902DF21742145000B0B5D /* Main.storyboard in Resources */ = {isa = PBXBuildFile; fileRef = BAE902DD21742145000B0B5D /* Main.storyboard */; };
		BAE902E121742146000B0B5D /* Assets.xcassets in Resources */ = {isa = PBXBuildFile; fileRef = BAE902E021742146000B0B5D /* Assets.xcassets */; };
		BAE902E421742146000B0B5D /* LaunchScreen.storyboard in Resources */ = {isa = PBXBuildFile; fileRef = BAE902E221742146000B0B5D /* LaunchScreen.storyboard */; };
		BAE902E721742146000B0B5D /* main.m in Sources */ = {isa = PBXBuildFile; fileRef = BAE902E621742146000B0B5D /* main.m */; };
		BAE902F121742146000B0B5D /* testTests.m in Sources */ = {isa = PBXBuildFile; fileRef = BAE902F021742146000B0B5D /* testTests.m */; };
		BAE902FC21742146000B0B5D /* testUITests.m in Sources */ = {isa = PBXBuildFile; fileRef = BAE902FB21742146000B0B5D /* testUITests.m */; };
/* End PBXBuildFile section */

/* Begin PBXContainerItemProxy section */
		BAE902ED21742146000B0B5D /* PBXContainerItemProxy */ = {
			isa = PBXContainerItemProxy;
			containerPortal = BAE902CC21742145000B0B5D /* Project object */;
			proxyType = 1;
			remoteGlobalIDString = BAE902D321742145000B0B5D;
			remoteInfo = test;
		};
		BAE902F821742146000B0B5D /* PBXContainerItemProxy */ = {
			isa = PBXContainerItemProxy;
			containerPortal = BAE902CC21742145000B0B5D /* Project object */;
			proxyType = 1;
			remoteGlobalIDString = BAE902D321742145000B0B5D;
			remoteInfo = test;
		};
/* End PBXContainerItemProxy section */

/* Begin PBXFileReference section */
		BAE902D421742145000B0B5D /* test.app */ = {isa = PBXFileReference; explicitFileType = wrapper.application; includeInIndex = 0; path = test.app; sourceTree = BUILT_PRODUCTS_DIR; };
		BAE902D721742145000B0B5D /* AppDelegate.h */ = {isa = PBXFileReference; lastKnownFileType = sourcecode.c.h; path = AppDelegate.h; sourceTree = "<group>"; };
		BAE902D821742145000B0B5D /* AppDelegate.m */ = {isa = PBXFileReference; lastKnownFileType = sourcecode.c.objc; path = AppDelegate.m; sourceTree = "<group>"; };
		BAE902DA21742145000B0B5D /* ViewController.h */ = {isa = PBXFileReference; lastKnownFileType = sourcecode.c.h; path = ViewController.h; sourceTree = "<group>"; };
		BAE902DB21742145000B0B5D /* ViewController.m */ = {isa = PBXFileReference; lastKnownFileType = sourcecode.c.objc; path = ViewController.m; sourceTree = "<group>"; };
		BAE902DE21742145000B0B5D /* Base */ = {isa = PBXFileReference; lastKnownFileType = file.storyboard; name = Base; path = Base.lproj/Main.storyboard; sourceTree = "<group>"; };
		BAE902E021742146000B0B5D /* Assets.xcassets */ = {isa = PBXFileReference; lastKnownFileType = folder.assetcatalog; path = Assets.xcassets; sourceTree = "<group>"; };
		BAE902E321742146000B0B5D /* Base */ = {isa = PBXFileReference; lastKnownFileType = file.storyboard; name = Base; path = Base.lproj/LaunchScreen.storyboard; sourceTree = "<group>"; };
		BAE902E521742146000B0B5D /* Info.plist */ = {isa = PBXFileReference; lastKnownFileType = text.plist.xml; path = Info.plist; sourceTree = "<group>"; };
		BAE902E621742146000B0B5D /* main.m */ = {isa = PBXFileReference; lastKnownFileType = sourcecode.c.objc; path = main.m; sourceTree = "<group>"; };
		BAE902EC21742146000B0B5D /* testTests.xctest */ = {isa = PBXFileReference; explicitFileType = wrapper.cfbundle; includeInIndex = 0; path = testTests.xctest; sourceTree = BUILT_PRODUCTS_DIR; };
		BAE902F021742146000B0B5D /* testTests.m */ = {isa = PBXFileReference; lastKnownFileType = sourcecode.c.objc; path = testTests.m; sourceTree = "<group>"; };
		BAE902F221742146000B0B5D /* Info.plist */ = {isa = PBXFileReference; lastKnownFileType = text.plist.xml; path = Info.plist; sourceTree = "<group>"; };
		BAE902F721742146000B0B5D /* testUITests.xctest */ = {isa = PBXFileReference; explicitFileType = wrapper.cfbundle; includeInIndex = 0; path = testUITests.xctest; sourceTree = BUILT_PRODUCTS_DIR; };
		BAE902FB21742146000B0B5D /* testUITests.m */ = {isa = PBXFileReference; lastKnownFileType = sourcecode.c.objc; path = testUITests.m; sourceTree = "<group>"; };
		BAE902FD21742146000B0B5D /* Info.plist */ = {isa = PBXFileReference; lastKnownFileType = text.plist.xml; path = Info.plist; sourceTree = "<group>"; };
/* End PBXFileReference section */

/* Begin PBXFrameworksBuildPhase section */
		BAE902D121742145000B0B5D /* Frameworks */ = {
			isa = PBXFrameworksBuildPhase;
			buildActionMask = 2147483647;
			files = (
			);
			runOnlyForDeploymentPostprocessing = 0;
		};
		BAE902E921742146000B0B5D /* Frameworks */ = {
			isa = PBXFrameworksBuildPhase;
			buildActionMask = 2147483647;
			files = (
			);
			runOnlyForDeploymentPostprocessing = 0;
		};
		BAE902F421742146000B0B5D /* Frameworks */ = {
			isa = PBXFrameworksBuildPhase;
			buildActionMask = 2147483647;
			files = (
			);
			runOnlyForDeploymentPostprocessing = 0;
		};
/* End PBXFrameworksBuildPhase section */

/* Begin PBXGroup section */
		BAE902CB21742145000B0B5D = {
			isa = PBXGroup;
			children = (
				BAE902D621742145000B0B5D /* test */,
				BAE902EF21742146000B0B5D /* testTests */,
				BAE902FA21742146000B0B5D /* testUITests */,
				BAE902D521742145000B0B5D /* Products */,
			);
			sourceTree = "<group>";
		};
		BAE902D521742145000B0B5D /* Products */ = {
			isa = PBXGroup;
			children = (
				BAE902D421742145000B0B5D /* test.app */,
				BAE902EC21742146000B0B5D /* testTests.xctest */,
				BAE902F721742146000B0B5D /* testUITests.xctest */,
			);
			name = Products;
			sourceTree = "<group>";
		};
		BAE902D621742145000B0B5D /* test */ = {
			isa = PBXGroup;
			children = (
				BAE902D721742145000B0B5D /* AppDelegate.h */,
				BAE902D821742145000B0B5D /* AppDelegate.m */,
				BAE902DA21742145000B0B5D /* ViewController.h */,
				BAE902DB21742145000B0B5D /* ViewController.m */,
				BAE902DD21742145000B0B5D /* Main.storyboard */,
				BAE902E021742146000B0B5D /* Assets.xcassets */,
				BAE902E221742146000B0B5D /* LaunchScreen.storyboard */,
				BAE902E521742146000B0B5D /* Info.plist */,
				BAE902E621742146000B0B5D /* main.m */,
			);
			path = test;
			sourceTree = "<group>";
		};
		BAE902EF21742146000B0B5D /* testTests */ = {
			isa = PBXGroup;
			children = (
				BAE902F021742146000B0B5D /* testTests.m */,
				BAE902F221742146000B0B5D /* Info.plist */,
			);
			path = testTests;
			sourceTree = "<group>";
		};
		BAE902FA21742146000B0B5D /* testUITests */ = {
			isa = PBXGroup;
			children = (
				BAE902FB21742146000B0B5D /* testUITests.m */,
				BAE902FD21742146000B0B5D /* Info.plist */,
			);
			path = testUITests;
			sourceTree = "<group>";
		};
/* End PBXGroup section */

/* Begin PBXNativeTarget section */
		BAE902D321742145000B0B5D /* test */ = {
			isa = PBXNativeTarget;
			buildConfigurationList = BAE9030021742146000B0B5D /* Build configuration list for PBXNativeTarget "test" */;
			buildPhases = (
				BAE902D021742145000B0B5D /* Sources */,
				BAE902D121742145000B0B5D /* Frameworks */,
				BAE902D221742145000B0B5D /* Resources */,
			);
			buildRules = (
			);
			dependencies = (
			);
			name = test;
			productName = test;
			productReference = BAE902D421742145000B0B5D /* test.app */;
			productType = "com.apple.product-type.application";
		};
		BAE902EB21742146000B0B5D /* testTests */ = {
			isa = PBXNativeTarget;
			buildConfigurationList = BAE9030321742146000B0B5D /* Build configuration list for PBXNativeTarget "testTests" */;
			buildPhases = (
				BAE902E821742146000B0B5D /* Sources */,
				BAE902E921742146000B0B5D /* Frameworks */,
				BAE902EA21742146000B0B5D /* Resources */,
			);
			buildRules = (
			);
			dependencies = (
				BAE902EE21742146000B0B5D /* PBXTargetDependency */,
			);
			name = testTests;
			productName = testTests;
			productReference = BAE902EC21742146000B0B5D /* testTests.xctest */;
			productType = "com.apple.product-type.bundle.unit-test";
		};
		BAE902F621742146000B0B5D /* testUITests */ = {
			isa = PBXNativeTarget;
			buildConfigurationList = BAE9030621742146000B0B5D /* Build configuration list for PBXNativeTarget "testUITests" */;
			buildPhases = (
				BAE902F321742146000B0B5D /* Sources */,
				BAE902F421742146000B0B5D /* Frameworks */,
				BAE902F521742146000B0B5D /* Resources */,
			);
			buildRules = (
			);
			dependencies = (
				BAE902F921742146000B0B5D /* PBXTargetDependency */,
			);
			name = testUITests;
			productName = testUITests;
			productReference = BAE902F721742146000B0B5D /* testUITests.xctest */;
			productType = "com.apple.product-type.bundle.ui-testing";
		};
/* End PBXNativeTarget section */

/* Begin PBXProject section */
		BAE902CC21742145000B0B5D /* Project object */ = {
			isa = PBXProject;
			attributes = {
				LastUpgradeCheck = 1000;
				ORGANIZATIONNAME = ws;
				TargetAttributes = {
					BAE902D321742145000B0B5D = {
						CreatedOnToolsVersion = 10.0;
					};
					BAE902EB21742146000B0B5D = {
						CreatedOnToolsVersion = 10.0;
						TestTargetID = BAE902D321742145000B0B5D;
					};
					BAE902F621742146000B0B5D = {
						CreatedOnToolsVersion = 10.0;
						TestTargetID = BAE902D321742145000B0B5D;
					};
				};
			};
			buildConfigurationList = BAE902CF21742145000B0B5D /* Build configuration list for PBXProject "test" */;
			compatibilityVersion = "Xcode 9.3";
			developmentRegion = en;
			hasScannedForEncodings = 0;
			knownRegions = (
				en,
				Base,
			);
			mainGroup = BAE902CB21742145000B0B5D;
			productRefGroup = BAE902D521742145000B0B5D /* Products */;
			projectDirPath = "";
			projectRoot = "";
			targets = (
				BAE902D321742145000B0B5D /* test */,
				BAE902EB21742146000B0B5D /* testTests */,
				BAE902F621742146000B0B5D /* testUITests */,
			);
		};
/* End PBXProject section */

/* Begin PBXResourcesBuildPhase section */
		BAE902D221742145000B0B5D /* Resources */ = {
			isa = PBXResourcesBuildPhase;
			buildActionMask = 2147483647;
			files = (
				BAE902E421742146000B0B5D /* LaunchScreen.storyboard in Resources */,
				BAE902E121742146000B0B5D /* Assets.xcassets in Resources */,
				BAE902DF21742145000B0B5D /* Main.storyboard in Resources */,
			);
			runOnlyForDeploymentPostprocessing = 0;
		};
		BAE902EA21742146000B0B5D /* Resources */ = {
			isa = PBXResourcesBuildPhase;
			buildActionMask = 2147483647;
			files = (
			);
			runOnlyForDeploymentPostprocessing = 0;
		};
		BAE902F521742146000B0B5D /* Resources */ = {
			isa = PBXResourcesBuildPhase;
			buildActionMask = 2147483647;
			files = (
			);
			runOnlyForDeploymentPostprocessing = 0;
		};
/* End PBXResourcesBuildPhase section */

/* Begin PBXSourcesBuildPhase section */
		BAE902D021742145000B0B5D /* Sources */ = {
			isa = PBXSourcesBuildPhase;
			buildActionMask = 2147483647;
			files = (
				BAE902DC21742145000B0B5D /* ViewController.m in Sources */,
				BAE902E721742146000B0B5D /* main.m in Sources */,
				BAE902D921742145000B0B5D /* AppDelegate.m in Sources */,
			);
			runOnlyForDeploymentPostprocessing = 0;
		};
		BAE902E821742146000B0B5D /* Sources */ = {
			isa = PBXSourcesBuildPhase;
			buildActionMask = 2147483647;
			files = (
				BAE902F121742146000B0B5D /* testTests.m in Sources */,
			);
			runOnlyForDeploymentPostprocessing = 0;
		};
		BAE902F321742146000B0B5D /* Sources */ = {
			isa = PBXSourcesBuildPhase;
			buildActionMask = 2147483647;
			files = (
				BAE902FC21742146000B0B5D /* testUITests.m in Sources */,
			);
			runOnlyForDeploymentPostprocessing = 0;
		};
/* End PBXSourcesBuildPhase section */

/* Begin PBXTargetDependency section */
		BAE902EE21742146000B0B5D /* PBXTargetDependency */ = {
			isa = PBXTargetDependency;
			target = BAE902D321742145000B0B5D /* test */;
			targetProxy = BAE902ED21742146000B0B5D /* PBXContainerItemProxy */;
		};
		BAE902F921742146000B0B5D /* PBXTargetDependency */ = {
			isa = PBXTargetDependency;
			target = BAE902D321742145000B0B5D /* test */;
			targetProxy = BAE902F821742146000B0B5D /* PBXContainerItemProxy */;
		};
/* End PBXTargetDependency section */

/* Begin PBXVariantGroup section */
		BAE902DD21742145000B0B5D /* Main.storyboard */ = {
			isa = PBXVariantGroup;
			children = (
				BAE902DE21742145000B0B5D /* Base */,
			);
			name = Main.storyboard;
			sourceTree = "<group>";
		};
		BAE902E221742146000B0B5D /* LaunchScreen.storyboard */ = {
			isa = PBXVariantGroup;
			children = (
				BAE902E321742146000B0B5D /* Base */,
			);
			name = LaunchScreen.storyboard;
			sourceTree = "<group>";
		};
/* End PBXVariantGroup section */

/* Begin XCBuildConfiguration section */
		BAE902FE21742146000B0B5D /* Debug */ = {
			isa = XCBuildConfiguration;
			buildSettings = {
				ALWAYS_SEARCH_USER_PATHS = NO;
				CLANG_ANALYZER_NONNULL = YES;
				CLANG_ANALYZER_NUMBER_OBJECT_CONVERSION = YES_AGGRESSIVE;
				CLANG_CXX_LANGUAGE_STANDARD = "gnu++14";
				CLANG_CXX_LIBRARY = "libc++";
				CLANG_ENABLE_MODULES = YES;
				CLANG_ENABLE_OBJC_ARC = YES;
				CLANG_ENABLE_OBJC_WEAK = YES;
				CLANG_WARN_BLOCK_CAPTURE_AUTORELEASING = YES;
				CLANG_WARN_BOOL_CONVERSION = YES;
				CLANG_WARN_COMMA = YES;
				CLANG_WARN_CONSTANT_CONVERSION = YES;
				CLANG_WARN_DEPRECATED_OBJC_IMPLEMENTATIONS = YES;
				CLANG_WARN_DIRECT_OBJC_ISA_USAGE = YES_ERROR;
				CLANG_WARN_DOCUMENTATION_COMMENTS = YES;
				CLANG_WARN_EMPTY_BODY = YES;
				CLANG_WARN_ENUM_CONVERSION = YES;
				CLANG_WARN_INFINITE_RECURSION = YES;
				CLANG_WARN_INT_CONVERSION = YES;
				CLANG_WARN_NON_LITERAL_NULL_CONVERSION = YES;
				CLANG_WARN_OBJC_IMPLICIT_RETAIN_SELF = YES;
				CLANG_WARN_OBJC_LITERAL_CONVERSION = YES;
				CLANG_WARN_OBJC_ROOT_CLASS = YES_ERROR;
				CLANG_WARN_RANGE_LOOP_ANALYSIS = YES;
				CLANG_WARN_STRICT_PROTOTYPES = YES;
				CLANG_WARN_SUSPICIOUS_MOVE = YES;
				CLANG_WARN_UNGUARDED_AVAILABILITY = YES_AGGRESSIVE;
				CLANG_WARN_UNREACHABLE_CODE = YES;
				CLANG_WARN__DUPLICATE_METHOD_MATCH = YES;
				CODE_SIGN_IDENTITY = "iPhone Developer";
				COPY_PHASE_STRIP = NO;
				DEBUG_INFORMATION_FORMAT = dwarf;
				ENABLE_STRICT_OBJC_MSGSEND = YES;
				ENABLE_TESTABILITY = YES;
				GCC_C_LANGUAGE_STANDARD = gnu11;
				GCC_DYNAMIC_NO_PIC = NO;
				GCC_NO_COMMON_BLOCKS = YES;
				GCC_OPTIMIZATION_LEVEL = 0;
				GCC_PREPROCESSOR_DEFINITIONS = (
					"DEBUG=1",
					"$(inherited)",
				);
				GCC_WARN_64_TO_32_BIT_CONVERSION = YES;
				GCC_WARN_ABOUT_RETURN_TYPE = YES_ERROR;
				GCC_WARN_UNDECLARED_SELECTOR = YES;
				GCC_WARN_UNINITIALIZED_AUTOS = YES_AGGRESSIVE;
				GCC_WARN_UNUSED_FUNCTION = YES;
				GCC_WARN_UNUSED_VARIABLE = YES;
				IPHONEOS_DEPLOYMENT_TARGET = 12.0;
				MTL_ENABLE_DEBUG_INFO = INCLUDE_SOURCE;
				MTL_FAST_MATH = YES;
				ONLY_ACTIVE_ARCH = YES;
				SDKROOT = iphoneos;
			};
			name = Debug;
		};
		BAE902FF21742146000B0B5D /* Release */ = {
			isa = XCBuildConfiguration;
			buildSettings = {
				ALWAYS_SEARCH_USER_PATHS = NO;
				CLANG_ANALYZER_NONNULL = YES;
				CLANG_ANALYZER_NUMBER_OBJECT_CONVERSION = YES_AGGRESSIVE;
				CLANG_CXX_LANGUAGE_STANDARD = "gnu++14";
				CLANG_CXX_LIBRARY = "libc++";
				CLANG_ENABLE_MODULES = YES;
				CLANG_ENABLE_OBJC_ARC = YES;
				CLANG_ENABLE_OBJC_WEAK = YES;
				CLANG_WARN_BLOCK_CAPTURE_AUTORELEASING = YES;
				CLANG_WARN_BOOL_CONVERSION = YES;
				CLANG_WARN_COMMA = YES;
				CLANG_WARN_CONSTANT_CONVERSION = YES;
				CLANG_WARN_DEPRECATED_OBJC_IMPLEMENTATIONS = YES;
				CLANG_WARN_DIRECT_OBJC_ISA_USAGE = YES_ERROR;
				CLANG_WARN_DOCUMENTATION_COMMENTS = YES;
				CLANG_WARN_EMPTY_BODY = YES;
				CLANG_WARN_ENUM_CONVERSION = YES;
				CLANG_WARN_INFINITE_RECURSION = YES;
				CLANG_WARN_INT_CONVERSION = YES;
				CLANG_WARN_NON_LITERAL_NULL_CONVERSION = YES;
				CLANG_WARN_OBJC_IMPLICIT_RETAIN_SELF = YES;
				CLANG_WARN_OBJC_LITERAL_CONVERSION = YES;
				CLANG_WARN_OBJC_ROOT_CLASS = YES_ERROR;
				CLANG_WARN_RANGE_LOOP_ANALYSIS = YES;
				CLANG_WARN_STRICT_PROTOTYPES = YES;
				CLANG_WARN_SUSPICIOUS_MOVE = YES;
				CLANG_WARN_UNGUARDED_AVAILABILITY = YES_AGGRESSIVE;
				CLANG_WARN_UNREACHABLE_CODE = YES;
				CLANG_WARN__DUPLICATE_METHOD_MATCH = YES;
				CODE_SIGN_IDENTITY = "iPhone Developer";
				COPY_PHASE_STRIP = NO;
				DEBUG_INFORMATION_FORMAT = "dwarf-with-dsym";
				ENABLE_NS_ASSERTIONS = NO;
				ENABLE_STRICT_OBJC_MSGSEND = YES;
				GCC_C_LANGUAGE_STANDARD = gnu11;
				GCC_NO_COMMON_BLOCKS = YES;
				GCC_WARN_64_TO_32_BIT_CONVERSION = YES;
				GCC_WARN_ABOUT_RETURN_TYPE = YES_ERROR;
				GCC_WARN_UNDECLARED_SELECTOR = YES;
				GCC_WARN_UNINITIALIZED_AUTOS = YES_AGGRESSIVE;
				GCC_WARN_UNUSED_FUNCTION = YES;
				GCC_WARN_UNUSED_VARIABLE = YES;
				IPHONEOS_DEPLOYMENT_TARGET = 12.0;
				MTL_ENABLE_DEBUG_INFO = NO;
				MTL_FAST_MATH = YES;
				SDKROOT = iphoneos;
				VALIDATE_PRODUCT = YES;
			};
			name = Release;
		};
		BAE9030121742146000B0B5D /* Debug */ = {
			isa = XCBuildConfiguration;
			buildSettings = {
				ASSETCATALOG_COMPILER_APPICON_NAME = AppIcon;
				CODE_SIGN_STYLE = Automatic;
				DEVELOPMENT_TEAM = PU8DAYJJU3;
				INFOPLIST_FILE = test/Info.plist;
				LD_RUNPATH_SEARCH_PATHS = (
					"$(inherited)",
					"@executable_path/Frameworks",
				);
				PRODUCT_BUNDLE_IDENTIFIER = com.ws.test01;
				PRODUCT_NAME = "$(TARGET_NAME)";
				TARGETED_DEVICE_FAMILY = "1,2";
			};
			name = Debug;
		};
		BAE9030221742146000B0B5D /* Release */ = {
			isa = XCBuildConfiguration;
			buildSettings = {
				ASSETCATALOG_COMPILER_APPICON_NAME = AppIcon;
				CODE_SIGN_STYLE = Automatic;
				DEVELOPMENT_TEAM = PU8DAYJJU3;
				INFOPLIST_FILE = test/Info.plist;
				LD_RUNPATH_SEARCH_PATHS = (
					"$(inherited)",
					"@executable_path/Frameworks",
				);
				PRODUCT_BUNDLE_IDENTIFIER = com.ws.test01;
				PRODUCT_NAME = "$(TARGET_NAME)";
				TARGETED_DEVICE_FAMILY = "1,2";
			};
			name = Release;
		};
		BAE9030421742146000B0B5D /* Debug */ = {
			isa = XCBuildConfiguration;
			buildSettings = {
				BUNDLE_LOADER = "$(TEST_HOST)";
				CODE_SIGN_STYLE = Automatic;
				DEVELOPMENT_TEAM = PU8DAYJJU3;
				INFOPLIST_FILE = testTests/Info.plist;
				LD_RUNPATH_SEARCH_PATHS = (
					"$(inherited)",
					"@executable_path/Frameworks",
					"@loader_path/Frameworks",
				);
				PRODUCT_BUNDLE_IDENTIFIER = com.ws.testTests;
				PRODUCT_NAME = "$(TARGET_NAME)";
				TARGETED_DEVICE_FAMILY = "1,2";
				TEST_HOST = "$(BUILT_PRODUCTS_DIR)/test.app/test";
			};
			name = Debug;
		};
		BAE9030521742146000B0B5D /* Release */ = {
			isa = XCBuildConfiguration;
			buildSettings = {
				BUNDLE_LOADER = "$(TEST_HOST)";
				CODE_SIGN_STYLE = Automatic;
				DEVELOPMENT_TEAM = PU8DAYJJU3;
				INFOPLIST_FILE = testTests/Info.plist;
				LD_RUNPATH_SEARCH_PATHS = (
					"$(inherited)",
					"@executable_path/Frameworks",
					"@loader_path/Frameworks",
				);
				PRODUCT_BUNDLE_IDENTIFIER = com.ws.testTests;
				PRODUCT_NAME = "$(TARGET_NAME)";
				TARGETED_DEVICE_FAMILY = "1,2";
				TEST_HOST = "$(BUILT_PRODUCTS_DIR)/test.app/test";
			};
			name = Release;
		};
		BAE9030721742146000B0B5D /* Debug */ = {
			isa = XCBuildConfiguration;
			buildSettings = {
				CODE_SIGN_STYLE = Automatic;
				DEVELOPMENT_TEAM = PU8DAYJJU3;
				INFOPLIST_FILE = testUITests/Info.plist;
				LD_RUNPATH_SEARCH_PATHS = (
					"$(inherited)",
					"@executable_path/Frameworks",
					"@loader_path/Frameworks",
				);
				PRODUCT_BUNDLE_IDENTIFIER = com.ws.testUITests;
				PRODUCT_NAME = "$(TARGET_NAME)";
				TARGETED_DEVICE_FAMILY = "1,2";
				TEST_TARGET_NAME = test;
			};
			name = Debug;
		};
		BAE9030821742146000B0B5D /* Release */ = {
			isa = XCBuildConfiguration;
			buildSettings = {
				CODE_SIGN_STYLE = Automatic;
				DEVELOPMENT_TEAM = PU8DAYJJU3;
				INFOPLIST_FILE = testUITests/Info.plist;
				LD_RUNPATH_SEARCH_PATHS = (
					"$(inherited)",
					"@executable_path/Frameworks",
					"@loader_path/Frameworks",
				);
				PRODUCT_BUNDLE_IDENTIFIER = com.ws.testUITests;
				PRODUCT_NAME = "$(TARGET_NAME)";
				TARGETED_DEVICE_FAMILY = "1,2";
				TEST_TARGET_NAME = test;
			};
			name = Release;
		};
/* End XCBuildConfiguration section */

/* Begin XCConfigurationList section */
		BAE902CF21742145000B0B5D /* Build configuration list for PBXProject "test" */ = {
			isa = XCConfigurationList;
			buildConfigurations = (
				BAE902FE21742146000B0B5D /* Debug */,
				BAE902FF21742146000B0B5D /* Release */,
			);
			defaultConfigurationIsVisible = 0;
			defaultConfigurationName = Release;
		};
		BAE9030021742146000B0B5D /* Build configuration list for PBXNativeTarget "test" */ = {
			isa = XCConfigurationList;
			buildConfigurations = (
				BAE9030121742146000B0B5D /* Debug */,
				BAE9030221742146000B0B5D /* Release */,
			);
			defaultConfigurationIsVisible = 0;
			defaultConfigurationName = Release;
		};
		BAE9030321742146000B0B5D /* Build configuration list for PBXNativeTarget "testTests" */ = {
			isa = XCConfigurationList;
			buildConfigurations = (
				BAE9030421742146000B0B5D /* Debug */,
				BAE9030521742146000B0B5D /* Release */,
			);
			defaultConfigurationIsVisible = 0;
			defaultConfigurationName = Release;
		};
		BAE9030621742146000B0B5D /* Build configuration list for PBXNativeTarget "testUITests" */ = {
			isa = XCConfigurationList;
			buildConfigurations = (
				BAE9030721742146000B0B5D /* Debug */,
				BAE9030821742146000B0B5D /* Release */,
			);
			defaultConfigurationIsVisible = 0;
			defaultConfigurationName = Release;
		};
/* End XCConfigurationList section */
	};
	rootObject = BAE902CC21742145000B0B5D /* Project object */;
}
